PODS:
  - Alamofire (4.7.2)
  - AudioKit (3.7.1)
  - Chronos-Swift (0.3.0)
  - Firebase/Core (5.0.0):
    - Firebase/CoreOnly
    - FirebaseAnalytics (= 5.0.0)
  - Firebase/CoreOnly (5.0.0):
    - FirebaseCore (= 5.0.0)
  - FirebaseAnalytics (5.0.0):
    - FirebaseCore (~> 5.0)
    - FirebaseInstanceID (~> 3.0)
    - GoogleToolboxForMac/NSData+zlib (~> 2.1)
    - nanopb (~> 0.3)
  - FirebaseCore (5.0.0):
    - GoogleToolboxForMac/NSData+zlib (~> 2.1)
  - FirebaseInstanceID (3.0.0):
    - FirebaseCore (~> 5.0)
  - GoogleToolboxForMac/Defines (2.1.4)
  - GoogleToolboxForMac/NSData+zlib (2.1.4):
    - GoogleToolboxForMac/Defines (= 2.1.4)
  - nanopb (0.3.8):
    - nanopb/decode (= 0.3.8)
    - nanopb/encode (= 0.3.8)
  - nanopb/decode (0.3.8)
  - nanopb/encode (0.3.8)
  - SDWebImage (4.3.3):
    - SDWebImage/Core (= 4.3.3)
  - SDWebImage/Core (4.3.3)
  - SwiftLint (0.25.1)
  - TuningFork (0.2.0):
    - AudioKit (~> 3.4)
    - Chronos-Swift (~> 0.3.0)
  - YouTubePlayer (0.4.0)

DEPENDENCIES:
  - Alamofire
  - AudioKit
  - Firebase/Core
  - SDWebImage
  - SwiftLint
  - TuningFork
  - YouTubePlayer (from `https://github.com/boompieman/Swift-YouTube-Player.git`)

EXTERNAL SOURCES:
  YouTubePlayer:
    :git: https://github.com/boompieman/Swift-YouTube-Player.git

CHECKOUT OPTIONS:
  YouTubePlayer:
    :commit: d8d5af152fe1dd57eee4b0d7ed6f051d3deb78bb
    :git: https://github.com/boompieman/Swift-YouTube-Player.git

SPEC CHECKSUMS:
  Alamofire: e4fa87002c137ba2d8d634d2c51fabcda0d5c223
  AudioKit: e04d3282bf904cdf7121965edb067177c6d1c7d1
  Chronos-Swift: 0f14508c33b7f2ede194f45fd604308b387ef455
  Firebase: 4bd804448ab2596794698773d41520a0af101e65
  FirebaseAnalytics: 19812b49fa5f283dd6b23edf8a14b5d477029ab8
  FirebaseCore: e46e4babb9de298fb2f736958edcc6da1dc60d73
  FirebaseInstanceID: 83e0040351565df711a5db3d8ebe5ea21aca998a
  GoogleToolboxForMac: 91c824d21e85b31c2aae9bb011c5027c9b4e738f
  nanopb: 5601e6bca2dbf1ed831b519092ec110f66982ca3
  SDWebImage: de4d90b5bff3571eae7bd16202b1f43135409fa5
  SwiftLint: ce933681be10c3266e82576dad676fa815a602e9
  TuningFork: 6aa4849b2b1c5e2d070df442aad0c6c29bad8cea
  YouTubePlayer: b6b44df6bb613dbb6e82f8130ed468f7e04cc1e5

PODFILE CHECKSUM: 362c01c983e224483a9c10b71a57b891ddc1a744

COCOAPODS: 1.4.0
